
Microsoft Visual Studio Solution File, Format Version 12.00
# Visual Studio Version 17
VisualStudioVersion = 17.14.37411.7
MinimumVisualStudioVersion = 10.0.40219.1
Project("{FAE04EC0-301F-11D3-BF4B-00C04F79EFBC}") = "ApiGateway", "ApiGateway\ApiGateway.csproj", "{8522CC68-24B3-4AB5-84C9-8B9E4C232FD2}"
EndProject
Project("{2150E333-8FDC-42A3-9474-1A3956D46DE8}") = "src", "src", "{02EA681E-C7D8-13C7-8484-4AC65E1B71E8}"
EndProject
Project("{2150E333-8FDC-42A3-9474-1A3956D46DE8}") = "Services", "Services", "{98BB6415-49A1-44C2-8FA7-50F899E7EAD7}"
EndProject
Project("{2150E333-8FDC-42A3-9474-1A3956D46DE8}") = "ProductService", "ProductService", "{54FA2787-08EA-44B1-A3A0-305C3D5DDE09}"
EndProject
Project("{FAE04EC0-301F-11D3-BF4B-00C04F79EFBC}") = "ProductService.Domain", "ProductService.Domain\ProductService.Domain.csproj", "{2029E844-A587-4573-A90C-E267FB245DC3}"
EndProject
Project("{FAE04EC0-301F-11D3-BF4B-00C04F79EFBC}") = "ProductService.Application", "ProductService.Application\ProductService.Application.csproj", "{19213AB9-135E-4962-9534-50DBE9059DE8}"
EndProject
Project("{FAE04EC0-301F-11D3-BF4B-00C04F79EFBC}") = "ProductService.Infrastructure", "ProductService.Infrastructure\ProductService.Infrastructure.csproj", "{AF87C404-50A0-44E3-9CC3-CDB362A4B762}"
EndProject
Project("{2150E333-8FDC-42A3-9474-1A3956D46DE8}") = "OrderService", "OrderService", "{4D91A07A-0028-46E4-B9D1-2EA590D1E7E2}"
EndProject
Project("{FAE04EC0-301F-11D3-BF4B-00C04F79EFBC}") = "OrderService.Api", "OrderService.Api\OrderService.Api.csproj", "{7C364B7B-8328-41C0-8D14-F973CD34D210}"
EndProject
Project("{FAE04EC0-301F-11D3-BF4B-00C04F79EFBC}") = "OrderService.Application", "OrderService.Application\OrderService.Application.csproj", "{FEC1CD87-4A2F-4A42-BB61-2A6A51ACC9CB}"
EndProject
Project("{FAE04EC0-301F-11D3-BF4B-00C04F79EFBC}") = "OrderService.Domain", "OrderService.Domain\OrderService.Domain.csproj", "{5EC10707-4B8A-4912-BA43-BB020BBD54A6}"
EndProject
Project("{FAE04EC0-301F-11D3-BF4B-00C04F79EFBC}") = "OrderService.Infrastructure", "OrderService.Infrastructure\OrderService.Infrastructure.csproj", "{54EF5E06-4358-4B31-9664-FC8B5576FD2E}"
EndProject
Project("{2150E333-8FDC-42A3-9474-1A3956D46DE8}") = "PaymentService", "PaymentService", "{BD89C741-81A5-4D1D-A978-E6C6A3130778}"
EndProject
Project("{FAE04EC0-301F-11D3-BF4B-00C04F79EFBC}") = "PaymentService.Api", "PaymentService.Api\PaymentService.Api.csproj", "{827643C1-5C50-4F44-AC02-D2BDAAEFA565}"
EndProject
Project("{FAE04EC0-301F-11D3-BF4B-00C04F79EFBC}") = "PaymentService.Domain", "PaymentService.Domain\PaymentService.Domain.csproj", "{87BF3265-D3EC-45EF-88C3-23756468BA28}"
EndProject
Project("{FAE04EC0-301F-11D3-BF4B-00C04F79EFBC}") = "PaymentService.Application", "PaymentService.Application\PaymentService.Application.csproj", "{C02C2538-E508-4726-B10E-AF04A2AC3350}"
EndProject
Project("{FAE04EC0-301F-11D3-BF4B-00C04F79EFBC}") = "PaymentService.Infrastructure", "PaymentService.Infrastructure\PaymentService.Infrastructure.csproj", "{81EE6554-C884-4DC0-8BF7-B42E78E5262F}"
EndProject
Project("{FAE04EC0-301F-11D3-BF4B-00C04F79EFBC}") = "ProductsService.Api", "ProductsService.Api\ProductsService.Api.csproj", "{E54AA83B-C8E1-4AC1-A1D2-A6F4322B9DE7}"
EndProject
Project("{2150E333-8FDC-42A3-9474-1A3956D46DE8}") = "Shared", "Shared", "{ADE55751-C8D6-4D8D-80A0-577D11221DD2}"
EndProject
Project("{FAE04EC0-301F-11D3-BF4B-00C04F79EFBC}") = "Shared.Contracts", "Shared.Contracts\Shared.Contracts.csproj", "{274D6DF7-0E67-44FC-8D6A-0777F3234476}"
EndProject
Project("{FAE04EC0-301F-11D3-BF4B-00C04F79EFBC}") = "Shared.GrpcContracts", "Shared.GrpcContracts\Shared.GrpcContracts.csproj", "{CCDF0451-9FB4-4771-B7B6-733846A11F69}"
EndProject
Global
	GlobalSection(SolutionConfigurationPlatforms) = preSolution
		Debug|Any CPU = Debug|Any CPU
		Release|Any CPU = Release|Any CPU
	EndGlobalSection
	GlobalSection(ProjectConfigurationPlatforms) = postSolution
		{8522CC68-24B3-4AB5-84C9-8B9E4C232FD2}.Debug|Any CPU.ActiveCfg = Debug|Any CPU
		{8522CC68-24B3-4AB5-84C9-8B9E4C232FD2}.Debug|Any CPU.Build.0 = Debug|Any CPU
		{8522CC68-24B3-4AB5-84C9-8B9E4C232FD2}.Release|Any CPU.ActiveCfg = Release|Any CPU
		{8522CC68-24B3-4AB5-84C9-8B9E4C232FD2}.Release|Any CPU.Build.0 = Release|Any CPU
		{2029E844-A587-4573-A90C-E267FB245DC3}.Debug|Any CPU.ActiveCfg = Debug|Any CPU
		{2029E844-A587-4573-A90C-E267FB245DC3}.Debug|Any CPU.Build.0 = Debug|Any CPU
		{2029E844-A587-4573-A90C-E267FB245DC3}.Release|Any CPU.ActiveCfg = Release|Any CPU
		{2029E844-A587-4573-A90C-E267FB245DC3}.Release|Any CPU.Build.0 = Release|Any CPU
		{19213AB9-135E-4962-9534-50DBE9059DE8}.Debug|Any CPU.ActiveCfg = Debug|Any CPU
		{19213AB9-135E-4962-9534-50DBE9059DE8}.Debug|Any CPU.Build.0 = Debug|Any CPU
		{19213AB9-135E-4962-9534-50DBE9059DE8}.Release|Any CPU.ActiveCfg = Release|Any CPU
		{19213AB9-135E-4962-9534-50DBE9059DE8}.Release|Any CPU.Build.0 = Release|Any CPU
		{AF87C404-50A0-44E3-9CC3-CDB362A4B762}.Debug|Any CPU.ActiveCfg = Debug|Any CPU
		{AF87C404-50A0-44E3-9CC3-CDB362A4B762}.Debug|Any CPU.Build.0 = Debug|Any CPU
		{AF87C404-50A0-44E3-9CC3-CDB362A4B762}.Release|Any CPU.ActiveCfg = Release|Any CPU
		{AF87C404-50A0-44E3-9CC3-CDB362A4B762}.Release|Any CPU.Build.0 = Release|Any CPU
		{7C364B7B-8328-41C0-8D14-F973CD34D210}.Debug|Any CPU.ActiveCfg = Debug|Any CPU
		{7C364B7B-8328-41C0-8D14-F973CD34D210}.Debug|Any CPU.Build.0 = Debug|Any CPU
		{7C364B7B-8328-41C0-8D14-F973CD34D210}.Release|Any CPU.ActiveCfg = Release|Any CPU
		{7C364B7B-8328-41C0-8D14-F973CD34D210}.Release|Any CPU.Build.0 = Release|Any CPU
		{FEC1CD87-4A2F-4A42-BB61-2A6A51ACC9CB}.Debug|Any CPU.ActiveCfg = Debug|Any CPU
		{FEC1CD87-4A2F-4A42-BB61-2A6A51ACC9CB}.Debug|Any CPU.Build.0 = Debug|Any CPU
		{FEC1CD87-4A2F-4A42-BB61-2A6A51ACC9CB}.Release|Any CPU.ActiveCfg = Release|Any CPU
		{FEC1CD87-4A2F-4A42-BB61-2A6A51ACC9CB}.Release|Any CPU.Build.0 = Release|Any CPU
		{5EC10707-4B8A-4912-BA43-BB020BBD54A6}.Debug|Any CPU.ActiveCfg = Debug|Any CPU
		{5EC10707-4B8A-4912-BA43-BB020BBD54A6}.Debug|Any CPU.Build.0 = Debug|Any CPU
		{5EC10707-4B8A-4912-BA43-BB020BBD54A6}.Release|Any CPU.ActiveCfg = Release|Any CPU
		{5EC10707-4B8A-4912-BA43-BB020BBD54A6}.Release|Any CPU.Build.0 = Release|Any CPU
		{54EF5E06-4358-4B31-9664-FC8B5576FD2E}.Debug|Any CPU.ActiveCfg = Debug|Any CPU
		{54EF5E06-4358-4B31-9664-FC8B5576FD2E}.Debug|Any CPU.Build.0 = Debug|Any CPU
		{54EF5E06-4358-4B31-9664-FC8B5576FD2E}.Release|Any CPU.ActiveCfg = Release|Any CPU
		{54EF5E06-4358-4B31-9664-FC8B5576FD2E}.Release|Any CPU.Build.0 = Release|Any CPU
		{827643C1-5C50-4F44-AC02-D2BDAAEFA565}.Debug|Any CPU.ActiveCfg = Debug|Any CPU
		{827643C1-5C50-4F44-AC02-D2BDAAEFA565}.Debug|Any CPU.Build.0 = Debug|Any CPU
		{827643C1-5C50-4F44-AC02-D2BDAAEFA565}.Release|Any CPU.ActiveCfg = Release|Any CPU
		{827643C1-5C50-4F44-AC02-D2BDAAEFA565}.Release|Any CPU.Build.0 = Release|Any CPU
		{87BF3265-D3EC-45EF-88C3-23756468BA28}.Debug|Any CPU.ActiveCfg = Debug|Any CPU
		{87BF3265-D3EC-45EF-88C3-23756468BA28}.Debug|Any CPU.Build.0 = Debug|Any CPU
		{87BF3265-D3EC-45EF-88C3-23756468BA28}.Release|Any CPU.ActiveCfg = Release|Any CPU
		{87BF3265-D3EC-45EF-88C3-23756468BA28}.Release|Any CPU.Build.0 = Release|Any CPU
		{C02C2538-E508-4726-B10E-AF04A2AC3350}.Debug|Any CPU.ActiveCfg = Debug|Any CPU
		{C02C2538-E508-4726-B10E-AF04A2AC3350}.Debug|Any CPU.Build.0 = Debug|Any CPU
		{C02C2538-E508-4726-B10E-AF04A2AC3350}.Release|Any CPU.ActiveCfg = Release|Any CPU
		{C02C2538-E508-4726-B10E-AF04A2AC3350}.Release|Any CPU.Build.0 = Release|Any CPU
		{81EE6554-C884-4DC0-8BF7-B42E78E5262F}.Debug|Any CPU.ActiveCfg = Debug|Any CPU
		{81EE6554-C884-4DC0-8BF7-B42E78E5262F}.Debug|Any CPU.Build.0 = Debug|Any CPU
		{81EE6554-C884-4DC0-8BF7-B42E78E5262F}.Release|Any CPU.ActiveCfg = Release|Any CPU
		{81EE6554-C884-4DC0-8BF7-B42E78E5262F}.Release|Any CPU.Build.0 = Release|Any CPU
		{E54AA83B-C8E1-4AC1-A1D2-A6F4322B9DE7}.Debug|Any CPU.ActiveCfg = Debug|Any CPU
		{E54AA83B-C8E1-4AC1-A1D2-A6F4322B9DE7}.Debug|Any CPU.Build.0 = Debug|Any CPU
		{E54AA83B-C8E1-4AC1-A1D2-A6F4322B9DE7}.Release|Any CPU.ActiveCfg = Release|Any CPU
		{E54AA83B-C8E1-4AC1-A1D2-A6F4322B9DE7}.Release|Any CPU.Build.0 = Release|Any CPU
		{274D6DF7-0E67-44FC-8D6A-0777F3234476}.Debug|Any CPU.ActiveCfg = Debug|Any CPU
		{274D6DF7-0E67-44FC-8D6A-0777F3234476}.Debug|Any CPU.Build.0 = Debug|Any CPU
		{274D6DF7-0E67-44FC-8D6A-0777F3234476}.Release|Any CPU.ActiveCfg = Release|Any CPU
		{274D6DF7-0E67-44FC-8D6A-0777F3234476}.Release|Any CPU.Build.0 = Release|Any CPU
		{CCDF0451-9FB4-4771-B7B6-733846A11F69}.Debug|Any CPU.ActiveCfg = Debug|Any CPU
		{CCDF0451-9FB4-4771-B7B6-733846A11F69}.Debug|Any CPU.Build.0 = Debug|Any CPU
		{CCDF0451-9FB4-4771-B7B6-733846A11F69}.Release|Any CPU.ActiveCfg = Release|Any CPU
		{CCDF0451-9FB4-4771-B7B6-733846A11F69}.Release|Any CPU.Build.0 = Release|Any CPU
	EndGlobalSection
	GlobalSection(SolutionProperties) = preSolution
		HideSolutionNode = FALSE
	EndGlobalSection
	GlobalSection(NestedProjects) = preSolution
		{98BB6415-49A1-44C2-8FA7-50F899E7EAD7} = {02EA681E-C7D8-13C7-8484-4AC65E1B71E8}
		{54FA2787-08EA-44B1-A3A0-305C3D5DDE09} = {98BB6415-49A1-44C2-8FA7-50F899E7EAD7}
		{2029E844-A587-4573-A90C-E267FB245DC3} = {54FA2787-08EA-44B1-A3A0-305C3D5DDE09}
		{19213AB9-135E-4962-9534-50DBE9059DE8} = {54FA2787-08EA-44B1-A3A0-305C3D5DDE09}
		{AF87C404-50A0-44E3-9CC3-CDB362A4B762} = {54FA2787-08EA-44B1-A3A0-305C3D5DDE09}
		{4D91A07A-0028-46E4-B9D1-2EA590D1E7E2} = {98BB6415-49A1-44C2-8FA7-50F899E7EAD7}
		{7C364B7B-8328-41C0-8D14-F973CD34D210} = {4D91A07A-0028-46E4-B9D1-2EA590D1E7E2}
		{FEC1CD87-4A2F-4A42-BB61-2A6A51ACC9CB} = {4D91A07A-0028-46E4-B9D1-2EA590D1E7E2}
		{5EC10707-4B8A-4912-BA43-BB020BBD54A6} = {4D91A07A-0028-46E4-B9D1-2EA590D1E7E2}
		{54EF5E06-4358-4B31-9664-FC8B5576FD2E} = {4D91A07A-0028-46E4-B9D1-2EA590D1E7E2}
		{BD89C741-81A5-4D1D-A978-E6C6A3130778} = {98BB6415-49A1-44C2-8FA7-50F899E7EAD7}
		{827643C1-5C50-4F44-AC02-D2BDAAEFA565} = {BD89C741-81A5-4D1D-A978-E6C6A3130778}
		{87BF3265-D3EC-45EF-88C3-23756468BA28} = {BD89C741-81A5-4D1D-A978-E6C6A3130778}
		{C02C2538-E508-4726-B10E-AF04A2AC3350} = {BD89C741-81A5-4D1D-A978-E6C6A3130778}
		{81EE6554-C884-4DC0-8BF7-B42E78E5262F} = {BD89C741-81A5-4D1D-A978-E6C6A3130778}
		{E54AA83B-C8E1-4AC1-A1D2-A6F4322B9DE7} = {54FA2787-08EA-44B1-A3A0-305C3D5DDE09}
		{ADE55751-C8D6-4D8D-80A0-577D11221DD2} = {02EA681E-C7D8-13C7-8484-4AC65E1B71E8}
		{274D6DF7-0E67-44FC-8D6A-0777F3234476} = {ADE55751-C8D6-4D8D-80A0-577D11221DD2}
		{CCDF0451-9FB4-4771-B7B6-733846A11F69} = {ADE55751-C8D6-4D8D-80A0-577D11221DD2}
	EndGlobalSection
	GlobalSection(ExtensibilityGlobals) = postSolution
		SolutionGuid = {47CD1547-E9BE-4BC5-B32A-25B3BD09C7FB}
	EndGlobalSection
EndGlobal
